
Microsoft Visual Studio Solution File, Format Version 12.00
# Visual Studio Version 17
VisualStudioVersion = 17.0.31903.59
MinimumVisualStudioVersion = 10.0.40219.1
Project("{2150E333-8FDC-42A3-9474-1A3956D46DE8}") = "src", "src", "{827E0CD3-B72D-47B6-A68D-7590B98EB39B}"
EndProject
Project("{FAE04EC0-301F-11D3-BF4B-00C04F79EFBC}") = "MolBhav.Domain", "src\MolBhav.Domain\MolBhav.Domain.csproj", "{2796927F-3BE8-4FA9-87FF-2106DC130155}"
EndProject
Project("{FAE04EC0-301F-11D3-BF4B-00C04F79EFBC}") = "MolBhav.Application", "src\MolBhav.Application\MolBhav.Application.csproj", "{AAD229B2-30C0-4B2A-A3FE-BFEEF10CE4EB}"
EndProject
Project("{FAE04EC0-301F-11D3-BF4B-00C04F79EFBC}") = "MolBhav.Infrastructure", "src\MolBhav.Infrastructure\MolBhav.Infrastructure.csproj", "{48606E80-D938-4FF6-BC98-98980A7676FD}"
EndProject
Project("{FAE04EC0-301F-11D3-BF4B-00C04F79EFBC}") = "MolBhav.Api", "src\MolBhav.Api\MolBhav.Api.csproj", "{55195A1A-2777-4558-AA74-6962734EDF53}"
EndProject
Global
	GlobalSection(SolutionConfigurationPlatforms) = preSolution
		Debug|Any CPU = Debug|Any CPU
		Debug|x64 = Debug|x64
		Debug|x86 = Debug|x86
		Release|Any CPU = Release|Any CPU
		Release|x64 = Release|x64
		Release|x86 = Release|x86
	EndGlobalSection
	GlobalSection(ProjectConfigurationPlatforms) = postSolution
		{2796927F-3BE8-4FA9-87FF-2106DC130155}.Debug|Any CPU.ActiveCfg = Debug|Any CPU
		{2796927F-3BE8-4FA9-87FF-2106DC130155}.Debug|Any CPU.Build.0 = Debug|Any CPU
		{2796927F-3BE8-4FA9-87FF-2106DC130155}.Debug|x64.ActiveCfg = Debug|Any CPU
		{2796927F-3BE8-4FA9-87FF-2106DC130155}.Debug|x64.Build.0 = Debug|Any CPU
		{2796927F-3BE8-4FA9-87FF-2106DC130155}.Debug|x86.ActiveCfg = Debug|Any CPU
		{2796927F-3BE8-4FA9-87FF-2106DC130155}.Debug|x86.Build.0 = Debug|Any CPU
		{2796927F-3BE8-4FA9-87FF-2106DC130155}.Release|Any CPU.ActiveCfg = Release|Any CPU
		{2796927F-3BE8-4FA9-87FF-2106DC130155}.Release|Any CPU.Build.0 = Release|Any CPU
		{2796927F-3BE8-4FA9-87FF-2106DC130155}.Release|x64.ActiveCfg = Release|Any CPU
		{2796927F-3BE8-4FA9-87FF-2106DC130155}.Release|x64.Build.0 = Release|Any CPU
		{2796927F-3BE8-4FA9-87FF-2106DC130155}.Release|x86.ActiveCfg = Release|Any CPU
		{2796927F-3BE8-4FA9-87FF-2106DC130155}.Release|x86.Build.0 = Release|Any CPU
		{AAD229B2-30C0-4B2A-A3FE-BFEEF10CE4EB}.Debug|Any CPU.ActiveCfg = Debug|Any CPU
		{AAD229B2-30C0-4B2A-A3FE-BFEEF10CE4EB}.Debug|Any CPU.Build.0 = Debug|Any CPU
		{AAD229B2-30C0-4B2A-A3FE-BFEEF10CE4EB}.Debug|x64.ActiveCfg = Debug|Any CPU
		{AAD229B2-30C0-4B2A-A3FE-BFEEF10CE4EB}.Debug|x64.Build.0 = Debug|Any CPU
		{AAD229B2-30C0-4B2A-A3FE-BFEEF10CE4EB}.Debug|x86.ActiveCfg = Debug|Any CPU
		{AAD229B2-30C0-4B2A-A3FE-BFEEF10CE4EB}.Debug|x86.Build.0 = Debug|Any CPU
		{AAD229B2-30C0-4B2A-A3FE-BFEEF10CE4EB}.Release|Any CPU.ActiveCfg = Release|Any CPU
		{AAD229B2-30C0-4B2A-A3FE-BFEEF10CE4EB}.Release|Any CPU.Build.0 = Release|Any CPU
		{AAD229B2-30C0-4B2A-A3FE-BFEEF10CE4EB}.Release|x64.ActiveCfg = Release|Any CPU
		{AAD229B2-30C0-4B2A-A3FE-BFEEF10CE4EB}.Release|x64.Build.0 = Release|Any CPU
		{AAD229B2-30C0-4B2A-A3FE-BFEEF10CE4EB}.Release|x86.ActiveCfg = Release|Any CPU
		{AAD229B2-30C0-4B2A-A3FE-BFEEF10CE4EB}.Release|x86.Build.0 = Release|Any CPU
		{48606E80-D938-4FF6-BC98-98980A7676FD}.Debug|Any CPU.ActiveCfg = Debug|Any CPU
		{48606E80-D938-4FF6-BC98-98980A7676FD}.Debug|Any CPU.Build.0 = Debug|Any CPU
		{48606E80-D938-4FF6-BC98-98980A7676FD}.Debug|x64.ActiveCfg = Debug|Any CPU
		{48606E80-D938-4FF6-BC98-98980A7676FD}.Debug|x64.Build.0 = Debug|Any CPU
		{48606E80-D938-4FF6-BC98-98980A7676FD}.Debug|x86.ActiveCfg = Debug|Any CPU
		{48606E80-D938-4FF6-BC98-98980A7676FD}.Debug|x86.Build.0 = Debug|Any CPU
		{48606E80-D938-4FF6-BC98-98980A7676FD}.Release|Any CPU.ActiveCfg = Release|Any CPU
		{48606E80-D938-4FF6-BC98-98980A7676FD}.Release|Any CPU.Build.0 = Release|Any CPU
		{48606E80-D938-4FF6-BC98-98980A7676FD}.Release|x64.ActiveCfg = Release|Any CPU
		{48606E80-D938-4FF6-BC98-98980A7676FD}.Release|x64.Build.0 = Release|Any CPU
		{48606E80-D938-4FF6-BC98-98980A7676FD}.Release|x86.ActiveCfg = Release|Any CPU
		{48606E80-D938-4FF6-BC98-98980A7676FD}.Release|x86.Build.0 = Release|Any CPU
		{55195A1A-2777-4558-AA74-6962734EDF53}.Debug|Any CPU.ActiveCfg = Debug|Any CPU
		{55195A1A-2777-4558-AA74-6962734EDF53}.Debug|Any CPU.Build.0 = Debug|Any CPU
		{55195A1A-2777-4558-AA74-6962734EDF53}.Debug|x64.ActiveCfg = Debug|Any CPU
		{55195A1A-2777-4558-AA74-6962734EDF53}.Debug|x64.Build.0 = Debug|Any CPU
		{55195A1A-2777-4558-AA74-6962734EDF53}.Debug|x86.ActiveCfg = Debug|Any CPU
		{55195A1A-2777-4558-AA74-6962734EDF53}.Debug|x86.Build.0 = Debug|Any CPU
		{55195A1A-2777-4558-AA74-6962734EDF53}.Release|Any CPU.ActiveCfg = Release|Any CPU
		{55195A1A-2777-4558-AA74-6962734EDF53}.Release|Any CPU.Build.0 = Release|Any CPU
		{55195A1A-2777-4558-AA74-6962734EDF53}.Release|x64.ActiveCfg = Release|Any CPU
		{55195A1A-2777-4558-AA74-6962734EDF53}.Release|x64.Build.0 = Release|Any CPU
		{55195A1A-2777-4558-AA74-6962734EDF53}.Release|x86.ActiveCfg = Release|Any CPU
		{55195A1A-2777-4558-AA74-6962734EDF53}.Release|x86.Build.0 = Release|Any CPU
	EndGlobalSection
	GlobalSection(SolutionProperties) = preSolution
		HideSolutionNode = FALSE
	EndGlobalSection
	GlobalSection(NestedProjects) = preSolution
		{2796927F-3BE8-4FA9-87FF-2106DC130155} = {827E0CD3-B72D-47B6-A68D-7590B98EB39B}
		{AAD229B2-30C0-4B2A-A3FE-BFEEF10CE4EB} = {827E0CD3-B72D-47B6-A68D-7590B98EB39B}
		{48606E80-D938-4FF6-BC98-98980A7676FD} = {827E0CD3-B72D-47B6-A68D-7590B98EB39B}
		{55195A1A-2777-4558-AA74-6962734EDF53} = {827E0CD3-B72D-47B6-A68D-7590B98EB39B}
	EndGlobalSection
EndGlobal
